
Microsoft Visual Studio Solution File, Format Version 12.00
# Visual Studio 15
VisualStudioVersion = 15.0.27004.2010
MinimumVisualStudioVersion = 10.0.40219.1
Project("{FAE04EC0-301F-11D3-BF4B-00C04F79EFBC}") = "LocalizaArquivo", "LocalizaArquivo\LocalizaArquivo.csproj", "{0B124748-A5EB-48B6-8D90-ABA8F927AAF3}"
EndProject
Global
	GlobalSection(SolutionConfigurationPlatforms) = preSolution
		Debug|Any CPU = Debug|Any CPU
		Release|Any CPU = Release|Any CPU
	EndGlobalSection
	GlobalSection(ProjectConfigurationPlatforms) = postSolution
		{0B124748-A5EB-48B6-8D90-ABA8F927AAF3}.Debug|Any CPU.ActiveCfg = Debug|Any CPU
		{0B124748-A5EB-48B6-8D90-ABA8F927AAF3}.Debug|Any CPU.Build.0 = Debug|Any CPU
		{0B124748-A5EB-48B6-8D90-ABA8F927AAF3}.Release|Any CPU.ActiveCfg = Release|Any CPU
		{0B124748-A5EB-48B6-8D90-ABA8F927AAF3}.Release|Any CPU.Build.0 = Release|Any CPU
	EndGlobalSection
	GlobalSection(SolutionProperties) = preSolution
		HideSolutionNode = FALSE
	EndGlobalSection
	GlobalSection(ExtensibilityGlobals) = postSolution
		SolutionGuid = {2805B7F6-D0F1-4FFC-A8CE-F1A145ACFAAF}
	EndGlobalSection
EndGlobal
